
Microsoft Visual Studio Solution File, Format Version 12.00
# Visual Studio Version 17
VisualStudioVersion = 17.14.36429.23 d17.14
MinimumVisualStudioVersion = 10.0.40219.1
Project("{8BC9CEB8-8B4A-11D0-8D11-00A0C91BC942}") = "Trabajo 2_IvanMR_SantiG", "Trabajo 2_IvanMR_SantiG\Trabajo 2_IvanMR_SantiG.vcxproj", "{CB2C5DCB-B5E1-472F-900B-9BA544697B21}"
EndProject
Global
	GlobalSection(SolutionConfigurationPlatforms) = preSolution
		Debug|x64 = Debug|x64
		Debug|x86 = Debug|x86
		Release|x64 = Release|x64
		Release|x86 = Release|x86
	EndGlobalSection
	GlobalSection(ProjectConfigurationPlatforms) = postSolution
		{CB2C5DCB-B5E1-472F-900B-9BA544697B21}.Debug|x64.ActiveCfg = Debug|x64
		{CB2C5DCB-B5E1-472F-900B-9BA544697B21}.Debug|x64.Build.0 = Debug|x64
		{CB2C5DCB-B5E1-472F-900B-9BA544697B21}.Debug|x86.ActiveCfg = Debug|Win32
		{CB2C5DCB-B5E1-472F-900B-9BA544697B21}.Debug|x86.Build.0 = Debug|Win32
		{CB2C5DCB-B5E1-472F-900B-9BA544697B21}.Release|x64.ActiveCfg = Release|x64
		{CB2C5DCB-B5E1-472F-900B-9BA544697B21}.Release|x64.Build.0 = Release|x64
		{CB2C5DCB-B5E1-472F-900B-9BA544697B21}.Release|x86.ActiveCfg = Release|Win32
		{CB2C5DCB-B5E1-472F-900B-9BA544697B21}.Release|x86.Build.0 = Release|Win32
	EndGlobalSection
	GlobalSection(SolutionProperties) = preSolution
		HideSolutionNode = FALSE
	EndGlobalSection
	GlobalSection(ExtensibilityGlobals) = postSolution
		SolutionGuid = {18BFC760-CA96-4B0A-B5F4-BA27FDAF66AE}
	EndGlobalSection
EndGlobal
